
Microsoft Visual Studio Solution File, Format Version 12.00
# Visual Studio Version 17
VisualStudioVersion = 17.5.33627.172
MinimumVisualStudioVersion = 10.0.40219.1
Project("{9A19103F-16F7-4668-BE54-9A1E7A4F7556}") = "PracticalTest", "PracticalTest\PracticalTest.csproj", "{D944657F-BF89-4635-A90F-295EB99997F6}"
EndProject
Project("{9A19103F-16F7-4668-BE54-9A1E7A4F7556}") = "PracticalTest.BLL", "PracticalTest.BLL\PracticalTest.BLL.csproj", "{05295015-44DC-4352-B7AC-BBF64664EFCF}"
EndProject
Project("{9A19103F-16F7-4668-BE54-9A1E7A4F7556}") = "PracticalTest.BusinessObjects", "PracticalTest.BusinessObjects\PracticalTest.BusinessObjects.csproj", "{6B95F4AD-A891-491F-A4DA-3A59EFD2E99C}"
EndProject
Project("{9A19103F-16F7-4668-BE54-9A1E7A4F7556}") = "PracticalTest.Contracts", "PracticalTest.Contracts\PracticalTest.Contracts.csproj", "{CBF6787F-2952-4D96-B53D-D53C8F7284BB}"
EndProject
Project("{9A19103F-16F7-4668-BE54-9A1E7A4F7556}") = "PracticalTest.DTO", "PracticalTest.DTO\PracticalTest.DTO.csproj", "{CE3615ED-5D34-4C7A-A33E-B59D821A08FB}"
EndProject
Project("{FAE04EC0-301F-11D3-BF4B-00C04F79EFBC}") = "PracticalTest.DAL", "PracticalTest.DAL\PracticalTest.DAL.csproj", "{4704E4F8-767E-481C-A237-A974A028E2B8}"
EndProject
Global
	GlobalSection(SolutionConfigurationPlatforms) = preSolution
		Debug|Any CPU = Debug|Any CPU
		Release|Any CPU = Release|Any CPU
	EndGlobalSection
	GlobalSection(ProjectConfigurationPlatforms) = postSolution
		{D944657F-BF89-4635-A90F-295EB99997F6}.Debug|Any CPU.ActiveCfg = Debug|Any CPU
		{D944657F-BF89-4635-A90F-295EB99997F6}.Debug|Any CPU.Build.0 = Debug|Any CPU
		{D944657F-BF89-4635-A90F-295EB99997F6}.Release|Any CPU.ActiveCfg = Release|Any CPU
		{D944657F-BF89-4635-A90F-295EB99997F6}.Release|Any CPU.Build.0 = Release|Any CPU
		{05295015-44DC-4352-B7AC-BBF64664EFCF}.Debug|Any CPU.ActiveCfg = Debug|Any CPU
		{05295015-44DC-4352-B7AC-BBF64664EFCF}.Debug|Any CPU.Build.0 = Debug|Any CPU
		{05295015-44DC-4352-B7AC-BBF64664EFCF}.Release|Any CPU.ActiveCfg = Release|Any CPU
		{05295015-44DC-4352-B7AC-BBF64664EFCF}.Release|Any CPU.Build.0 = Release|Any CPU
		{6B95F4AD-A891-491F-A4DA-3A59EFD2E99C}.Debug|Any CPU.ActiveCfg = Debug|Any CPU
		{6B95F4AD-A891-491F-A4DA-3A59EFD2E99C}.Debug|Any CPU.Build.0 = Debug|Any CPU
		{6B95F4AD-A891-491F-A4DA-3A59EFD2E99C}.Release|Any CPU.ActiveCfg = Release|Any CPU
		{6B95F4AD-A891-491F-A4DA-3A59EFD2E99C}.Release|Any CPU.Build.0 = Release|Any CPU
		{CBF6787F-2952-4D96-B53D-D53C8F7284BB}.Debug|Any CPU.ActiveCfg = Debug|Any CPU
		{CBF6787F-2952-4D96-B53D-D53C8F7284BB}.Debug|Any CPU.Build.0 = Debug|Any CPU
		{CBF6787F-2952-4D96-B53D-D53C8F7284BB}.Release|Any CPU.ActiveCfg = Release|Any CPU
		{CBF6787F-2952-4D96-B53D-D53C8F7284BB}.Release|Any CPU.Build.0 = Release|Any CPU
		{CE3615ED-5D34-4C7A-A33E-B59D821A08FB}.Debug|Any CPU.ActiveCfg = Debug|Any CPU
		{CE3615ED-5D34-4C7A-A33E-B59D821A08FB}.Debug|Any CPU.Build.0 = Debug|Any CPU
		{CE3615ED-5D34-4C7A-A33E-B59D821A08FB}.Release|Any CPU.ActiveCfg = Release|Any CPU
		{CE3615ED-5D34-4C7A-A33E-B59D821A08FB}.Release|Any CPU.Build.0 = Release|Any CPU
		{4704E4F8-767E-481C-A237-A974A028E2B8}.Debug|Any CPU.ActiveCfg = Debug|Any CPU
		{4704E4F8-767E-481C-A237-A974A028E2B8}.Debug|Any CPU.Build.0 = Debug|Any CPU
		{4704E4F8-767E-481C-A237-A974A028E2B8}.Release|Any CPU.ActiveCfg = Release|Any CPU
		{4704E4F8-767E-481C-A237-A974A028E2B8}.Release|Any CPU.Build.0 = Release|Any CPU
	EndGlobalSection
	GlobalSection(SolutionProperties) = preSolution
		HideSolutionNode = FALSE
	EndGlobalSection
	GlobalSection(ExtensibilityGlobals) = postSolution
		SolutionGuid = {5A103686-07BD-4A39-9638-11EBB2949F96}
	EndGlobalSection
EndGlobal
